# THIS IS AN AUTOGENERATED FILE. DO NOT EDIT THIS FILE DIRECTLY.
# yarn lockfile v1


lodash@4.10.0:
  version "4.10.0"
  resolved "https://registry.yarnpkg.com/lodash/-/lodash-4.10.0.tgz#3d8f3ac7a5a904fdb01e2cfe1401879bf9652c6a"
  integrity sha512-uDkT/I1Y2X0gvxCdeosY9/XImqohEKRrvj/NLXA7H1NKWdu61lHnrIHiQPNlvIXCzsbnBqwdheW0AbKMxMQF+Q==
